// !$*UTF8*$!
{
	archiveVersion = 1;
	classes = {
	};
	objectVersion = 77;
	objects = {

/* Begin PBXBuildFile section */
		FB481BF32E36BB0600BF4B4C /* FullDiskAccess in Frameworks */ = {isa = PBXBuildFile; productRef = FB481BF22E36BB0600BF4B4C /* FullDiskAccess */; };
/* End PBXBuildFile section */

/* Begin PBXContainerItemProxy section */
		FB481BCF2E36B95C00BF4B4C /* PBXContainerItemProxy */ = {
			isa = PBXContainerItemProxy;
			containerPortal = FB481BB82E36B95A00BF4B4C /* Project object */;
			proxyType = 1;
			remoteGlobalIDString = FB481BBF2E36B95A00BF4B4C;
			remoteInfo = CleanDiff;
		};
		FB481BD92E36B95C00BF4B4C /* PBXContainerItemProxy */ = {
			isa = PBXContainerItemProxy;
			containerPortal = FB481BB82E36B95A00BF4B4C /* Project object */;
			proxyType = 1;
			remoteGlobalIDString = FB481BBF2E36B95A00BF4B4C;
			remoteInfo = CleanDiff;
		};
/* End PBXContainerItemProxy section */

/* Begin PBXFileReference section */
		FB481BC02E36B95A00BF4B4C /* CleanDiff.app */ = {isa = PBXFileReference; explicitFileType = wrapper.application; includeInIndex = 0; path = CleanDiff.app; sourceTree = BUILT_PRODUCTS_DIR; };
		FB481BCE2E36B95C00BF4B4C /* CleanDiffTests.xctest */ = {isa = PBXFileReference; explicitFileType = wrapper.cfbundle; includeInIndex = 0; path = CleanDiffTests.xctest; sourceTree = BUILT_PRODUCTS_DIR; };
		FB481BD82E36B95C00BF4B4C /* CleanDiffUITests.xctest */ = {isa = PBXFileReference; explicitFileType = wrapper.cfbundle; includeInIndex = 0; path = CleanDiffUITests.xctest; sourceTree = BUILT_PRODUCTS_DIR; };
/* End PBXFileReference section */

/* Begin PBXFileSystemSynchronizedRootGroup section */
		FB481BC22E36B95A00BF4B4C /* CleanDiff */ = {
			isa = PBXFileSystemSynchronizedRootGroup;
			path = CleanDiff;
			sourceTree = "<group>";
		};
		FB481BD12E36B95C00BF4B4C /* CleanDiffTests */ = {
			isa = PBXFileSystemSynchronizedRootGroup;
			path = CleanDiffTests;
			sourceTree = "<group>";
		};
		FB481BDB2E36B95C00BF4B4C /* CleanDiffUITests */ = {
			isa = PBXFileSystemSynchronizedRootGroup;
			path = CleanDiffUITests;
			sourceTree = "<group>";
		};
/* End PBXFileSystemSynchronizedRootGroup section */

/* Begin PBXFrameworksBuildPhase section */
		FB481BBD2E36B95A00BF4B4C /* Frameworks */ = {
			isa = PBXFrameworksBuildPhase;
			buildActionMask = 2147483647;
			files = (
				FB481BF32E36BB0600BF4B4C /* FullDiskAccess in Frameworks */,
			);
			runOnlyForDeploymentPostprocessing = 0;
		};
		FB481BCB2E36B95C00BF4B4C /* Frameworks */ = {
			isa = PBXFrameworksBuildPhase;
			buildActionMask = 2147483647;
			files = (
			);
			runOnlyForDeploymentPostprocessing = 0;
		};
		FB481BD52E36B95C00BF4B4C /* Frameworks */ = {
			isa = PBXFrameworksBuildPhase;
			buildActionMask = 2147483647;
			files = (
			);
			runOnlyForDeploymentPostprocessing = 0;
		};
/* End PBXFrameworksBuildPhase section */

/* Begin PBXGroup section */
		FB481BB72E36B95A00BF4B4C = {
			isa = PBXGroup;
			children = (
				FB481BC22E36B95A00BF4B4C /* CleanDiff */,
				FB481BD12E36B95C00BF4B4C /* CleanDiffTests */,
				FB481BDB2E36B95C00BF4B4C /* CleanDiffUITests */,
				FB481BC12E36B95A00BF4B4C /* Products */,
			);
			sourceTree = "<group>";
		};
		FB481BC12E36B95A00BF4B4C /* Products */ = {
			isa = PBXGroup;
			children = (
				FB481BC02E36B95A00BF4B4C /* CleanDiff.app */,
				FB481BCE2E36B95C00BF4B4C /* CleanDiffTests.xctest */,
				FB481BD82E36B95C00BF4B4C /* CleanDiffUITests.xctest */,
			);
			name = Products;
			sourceTree = "<group>";
		};
/* End PBXGroup section */

/* Begin PBXNativeTarget section */
		FB481BBF2E36B95A00BF4B4C /* CleanDiff */ = {
			isa = PBXNativeTarget;
			buildConfigurationList = FB481BE22E36B95C00BF4B4C /* Build configuration list for PBXNativeTarget "CleanDiff" */;
			buildPhases = (
				FB481BBC2E36B95A00BF4B4C /* Sources */,
				FB481BBD2E36B95A00BF4B4C /* Frameworks */,
				FB481BBE2E36B95A00BF4B4C /* Resources */,
			);
			buildRules = (
			);
			dependencies = (
			);
			fileSystemSynchronizedGroups = (
				FB481BC22E36B95A00BF4B4C /* CleanDiff */,
			);
			name = CleanDiff;
			packageProductDependencies = (
				FB481BF22E36BB0600BF4B4C /* FullDiskAccess */,
			);
			productName = CleanDiff;
			productReference = FB481BC02E36B95A00BF4B4C /* CleanDiff.app */;
			productType = "com.apple.product-type.application";
		};
		FB481BCD2E36B95C00BF4B4C /* CleanDiffTests */ = {
			isa = PBXNativeTarget;
			buildConfigurationList = FB481BE52E36B95C00BF4B4C /* Build configuration list for PBXNativeTarget "CleanDiffTests" */;
			buildPhases = (
				FB481BCA2E36B95C00BF4B4C /* Sources */,
				FB481BCB2E36B95C00BF4B4C /* Frameworks */,
				FB481BCC2E36B95C00BF4B4C /* Resources */,
			);
			buildRules = (
			);
			dependencies = (
				FB481BD02E36B95C00BF4B4C /* PBXTargetDependency */,
			);
			fileSystemSynchronizedGroups = (
				FB481BD12E36B95C00BF4B4C /* CleanDiffTests */,
			);
			name = CleanDiffTests;
			packageProductDependencies = (
			);
			productName = CleanDiffTests;
			productReference = FB481BCE2E36B95C00BF4B4C /* CleanDiffTests.xctest */;
			productType = "com.apple.product-type.bundle.unit-test";
		};
		FB481BD72E36B95C00BF4B4C /* CleanDiffUITests */ = {
			isa = PBXNativeTarget;
			buildConfigurationList = FB481BE82E36B95C00BF4B4C /* Build configuration list for PBXNativeTarget "CleanDiffUITests" */;
			buildPhases = (
				FB481BD42E36B95C00BF4B4C /* Sources */,
				FB481BD52E36B95C00BF4B4C /* Frameworks */,
				FB481BD62E36B95C00BF4B4C /* Resources */,
			);
			buildRules = (
			);
			dependencies = (
				FB481BDA2E36B95C00BF4B4C /* PBXTargetDependency */,
			);
			fileSystemSynchronizedGroups = (
				FB481BDB2E36B95C00BF4B4C /* CleanDiffUITests */,
			);
			name = CleanDiffUITests;
			packageProductDependencies = (
			);
			productName = CleanDiffUITests;
			productReference = FB481BD82E36B95C00BF4B4C /* CleanDiffUITests.xctest */;
			productType = "com.apple.product-type.bundle.ui-testing";
		};
/* End PBXNativeTarget section */

/* Begin PBXProject section */
		FB481BB82E36B95A00BF4B4C /* Project object */ = {
			isa = PBXProject;
			attributes = {
				BuildIndependentTargetsInParallel = 1;
				LastSwiftUpdateCheck = 1640;
				LastUpgradeCheck = 1640;
				TargetAttributes = {
					FB481BBF2E36B95A00BF4B4C = {
						CreatedOnToolsVersion = 16.4;
					};
					FB481BCD2E36B95C00BF4B4C = {
						CreatedOnToolsVersion = 16.4;
						TestTargetID = FB481BBF2E36B95A00BF4B4C;
					};
					FB481BD72E36B95C00BF4B4C = {
						CreatedOnToolsVersion = 16.4;
						TestTargetID = FB481BBF2E36B95A00BF4B4C;
					};
				};
			};
			buildConfigurationList = FB481BBB2E36B95A00BF4B4C /* Build configuration list for PBXProject "CleanDiff" */;
			developmentRegion = en;
			hasScannedForEncodings = 0;
			knownRegions = (
				en,
				Base,
			);
			mainGroup = FB481BB72E36B95A00BF4B4C;
			minimizedProjectReferenceProxies = 1;
			packageReferences = (
				FB481BF12E36BB0600BF4B4C /* XCRemoteSwiftPackageReference "FullDiskAccess" */,
			);
			preferredProjectObjectVersion = 77;
			productRefGroup = FB481BC12E36B95A00BF4B4C /* Products */;
			projectDirPath = "";
			projectRoot = "";
			targets = (
				FB481BBF2E36B95A00BF4B4C /* CleanDiff */,
				FB481BCD2E36B95C00BF4B4C /* CleanDiffTests */,
				FB481BD72E36B95C00BF4B4C /* CleanDiffUITests */,
			);
		};
/* End PBXProject section */

/* Begin PBXResourcesBuildPhase section */
		FB481BBE2E36B95A00BF4B4C /* Resources */ = {
			isa = PBXResourcesBuildPhase;
			buildActionMask = 2147483647;
			files = (
			);
			runOnlyForDeploymentPostprocessing = 0;
		};
		FB481BCC2E36B95C00BF4B4C /* Resources */ = {
			isa = PBXResourcesBuildPhase;
			buildActionMask = 2147483647;
			files = (
			);
			runOnlyForDeploymentPostprocessing = 0;
		};
		FB481BD62E36B95C00BF4B4C /* Resources */ = {
			isa = PBXResourcesBuildPhase;
			buildActionMask = 2147483647;
			files = (
			);
			runOnlyForDeploymentPostprocessing = 0;
		};
/* End PBXResourcesBuildPhase section */

/* Begin PBXSourcesBuildPhase section */
		FB481BBC2E36B95A00BF4B4C /* Sources */ = {
			isa = PBXSourcesBuildPhase;
			buildActionMask = 2147483647;
			files = (
			);
			runOnlyForDeploymentPostprocessing = 0;
		};
		FB481BCA2E36B95C00BF4B4C /* Sources */ = {
			isa = PBXSourcesBuildPhase;
			buildActionMask = 2147483647;
			files = (
			);
			runOnlyForDeploymentPostprocessing = 0;
		};
		FB481BD42E36B95C00BF4B4C /* Sources */ = {
			isa = PBXSourcesBuildPhase;
			buildActionMask = 2147483647;
			files = (
			);
			runOnlyForDeploymentPostprocessing = 0;
		};
/* End PBXSourcesBuildPhase section */

/* Begin PBXTargetDependency section */
		FB481BD02E36B95C00BF4B4C /* PBXTargetDependency */ = {
			isa = PBXTargetDependency;
			target = FB481BBF2E36B95A00BF4B4C /* CleanDiff */;
			targetProxy = FB481BCF2E36B95C00BF4B4C /* PBXContainerItemProxy */;
		};
		FB481BDA2E36B95C00BF4B4C /* PBXTargetDependency */ = {
			isa = PBXTargetDependency;
			target = FB481BBF2E36B95A00BF4B4C /* CleanDiff */;
			targetProxy = FB481BD92E36B95C00BF4B4C /* PBXContainerItemProxy */;
		};
/* End PBXTargetDependency section */

/* Begin XCBuildConfiguration section */
		FB481BE02E36B95C00BF4B4C /* Debug */ = {
			isa = XCBuildConfiguration;
			buildSettings = {
				ALWAYS_SEARCH_USER_PATHS = NO;
				ASSETCATALOG_COMPILER_GENERATE_SWIFT_ASSET_SYMBOL_EXTENSIONS = YES;
				CLANG_ANALYZER_NONNULL = YES;
				CLANG_ANALYZER_NUMBER_OBJECT_CONVERSION = YES_AGGRESSIVE;
				CLANG_CXX_LANGUAGE_STANDARD = "gnu++20";
				CLANG_ENABLE_MODULES = YES;
				CLANG_ENABLE_OBJC_ARC = YES;
				CLANG_ENABLE_OBJC_WEAK = YES;
				CLANG_WARN_BLOCK_CAPTURE_AUTORELEASING = YES;
				CLANG_WARN_BOOL_CONVERSION = YES;
				CLANG_WARN_COMMA = YES;
				CLANG_WARN_CONSTANT_CONVERSION = YES;
				CLANG_WARN_DEPRECATED_OBJC_IMPLEMENTATIONS = YES;
				CLANG_WARN_DIRECT_OBJC_ISA_USAGE = YES_ERROR;
				CLANG_WARN_DOCUMENTATION_COMMENTS = YES;
				CLANG_WARN_EMPTY_BODY = YES;
				CLANG_WARN_ENUM_CONVERSION = YES;
				CLANG_WARN_INFINITE_RECURSION = YES;
				CLANG_WARN_INT_CONVERSION = YES;
				CLANG_WARN_NON_LITERAL_NULL_CONVERSION = YES;
				CLANG_WARN_OBJC_IMPLICIT_RETAIN_SELF = YES;
				CLANG_WARN_OBJC_LITERAL_CONVERSION = YES;
				CLANG_WARN_OBJC_ROOT_CLASS = YES_ERROR;
				CLANG_WARN_QUOTED_INCLUDE_IN_FRAMEWORK_HEADER = YES;
				CLANG_WARN_RANGE_LOOP_ANALYSIS = YES;
				CLANG_WARN_STRICT_PROTOTYPES = YES;
				CLANG_WARN_SUSPICIOUS_MOVE = YES;
				CLANG_WARN_UNGUARDED_AVAILABILITY = YES_AGGRESSIVE;
				CLANG_WARN_UNREACHABLE_CODE = YES;
				CLANG_WARN__DUPLICATE_METHOD_MATCH = YES;
				COPY_PHASE_STRIP = NO;
				DEBUG_INFORMATION_FORMAT = dwarf;
				ENABLE_STRICT_OBJC_MSGSEND = YES;
				ENABLE_TESTABILITY = YES;
				ENABLE_USER_SCRIPT_SANDBOXING = YES;
				GCC_C_LANGUAGE_STANDARD = gnu17;
				GCC_DYNAMIC_NO_PIC = NO;
				GCC_NO_COMMON_BLOCKS = YES;
				GCC_OPTIMIZATION_LEVEL = 0;
				GCC_PREPROCESSOR_DEFINITIONS = (
					"DEBUG=1",
					"$(inherited)",
				);
				GCC_WARN_64_TO_32_BIT_CONVERSION = YES;
				GCC_WARN_ABOUT_RETURN_TYPE = YES_ERROR;
				GCC_WARN_UNDECLARED_SELECTOR = YES;
				GCC_WARN_UNINITIALIZED_AUTOS = YES_AGGRESSIVE;
				GCC_WARN_UNUSED_FUNCTION = YES;
				GCC_WARN_UNUSED_VARIABLE = YES;
				LOCALIZATION_PREFERS_STRING_CATALOGS = YES;
				MACOSX_DEPLOYMENT_TARGET = 15.5;
				MTL_ENABLE_DEBUG_INFO = INCLUDE_SOURCE;
				MTL_FAST_MATH = YES;
				ONLY_ACTIVE_ARCH = YES;
				SDKROOT = macosx;
				SWIFT_ACTIVE_COMPILATION_CONDITIONS = "DEBUG $(inherited)";
				SWIFT_OPTIMIZATION_LEVEL = "-Onone";
			};
			name = Debug;
		};
		FB481BE12E36B95C00BF4B4C /* Release */ = {
			isa = XCBuildConfiguration;
			buildSettings = {
				ALWAYS_SEARCH_USER_PATHS = NO;
				ASSETCATALOG_COMPILER_GENERATE_SWIFT_ASSET_SYMBOL_EXTENSIONS = YES;
				CLANG_ANALYZER_NONNULL = YES;
				CLANG_ANALYZER_NUMBER_OBJECT_CONVERSION = YES_AGGRESSIVE;
				CLANG_CXX_LANGUAGE_STANDARD = "gnu++20";
				CLANG_ENABLE_MODULES = YES;
				CLANG_ENABLE_OBJC_ARC = YES;
				CLANG_ENABLE_OBJC_WEAK = YES;
				CLANG_WARN_BLOCK_CAPTURE_AUTORELEASING = YES;
				CLANG_WARN_BOOL_CONVERSION = YES;
				CLANG_WARN_COMMA = YES;
				CLANG_WARN_CONSTANT_CONVERSION = YES;
				CLANG_WARN_DEPRECATED_OBJC_IMPLEMENTATIONS = YES;
				CLANG_WARN_DIRECT_OBJC_ISA_USAGE = YES_ERROR;
				CLANG_WARN_DOCUMENTATION_COMMENTS = YES;
				CLANG_WARN_EMPTY_BODY = YES;
				CLANG_WARN_ENUM_CONVERSION = YES;
				CLANG_WARN_INFINITE_RECURSION = YES;
				CLANG_WARN_INT_CONVERSION = YES;
				CLANG_WARN_NON_LITERAL_NULL_CONVERSION = YES;
				CLANG_WARN_OBJC_IMPLICIT_RETAIN_SELF = YES;
				CLANG_WARN_OBJC_LITERAL_CONVERSION = YES;
				CLANG_WARN_OBJC_ROOT_CLASS = YES_ERROR;
				CLANG_WARN_QUOTED_INCLUDE_IN_FRAMEWORK_HEADER = YES;
				CLANG_WARN_RANGE_LOOP_ANALYSIS = YES;
				CLANG_WARN_STRICT_PROTOTYPES = YES;
				CLANG_WARN_SUSPICIOUS_MOVE = YES;
				CLANG_WARN_UNGUARDED_AVAILABILITY = YES_AGGRESSIVE;
				CLANG_WARN_UNREACHABLE_CODE = YES;
				CLANG_WARN__DUPLICATE_METHOD_MATCH = YES;
				COPY_PHASE_STRIP = NO;
				DEBUG_INFORMATION_FORMAT = "dwarf-with-dsym";
				ENABLE_NS_ASSERTIONS = NO;
				ENABLE_STRICT_OBJC_MSGSEND = YES;
				ENABLE_USER_SCRIPT_SANDBOXING = YES;
				GCC_C_LANGUAGE_STANDARD = gnu17;
				GCC_NO_COMMON_BLOCKS = YES;
				GCC_WARN_64_TO_32_BIT_CONVERSION = YES;
				GCC_WARN_ABOUT_RETURN_TYPE = YES_ERROR;
				GCC_WARN_UNDECLARED_SELECTOR = YES;
				GCC_WARN_UNINITIALIZED_AUTOS = YES_AGGRESSIVE;
				GCC_WARN_UNUSED_FUNCTION = YES;
				GCC_WARN_UNUSED_VARIABLE = YES;
				LOCALIZATION_PREFERS_STRING_CATALOGS = YES;
				MACOSX_DEPLOYMENT_TARGET = 15.5;
				MTL_ENABLE_DEBUG_INFO = NO;
				MTL_FAST_MATH = YES;
				SDKROOT = macosx;
				SWIFT_COMPILATION_MODE = wholemodule;
			};
			name = Release;
		};
		FB481BE32E36B95C00BF4B4C /* Debug */ = {
			isa = XCBuildConfiguration;
			buildSettings = {
				ASSETCATALOG_COMPILER_APPICON_NAME = AppIcon;
				ASSETCATALOG_COMPILER_GLOBAL_ACCENT_COLOR_NAME = AccentColor;
				CODE_SIGN_ENTITLEMENTS = CleanDiff/CleanDiff.entitlements;
				CODE_SIGN_STYLE = Automatic;
				COMBINE_HIDPI_IMAGES = YES;
				CURRENT_PROJECT_VERSION = 1;
				ENABLE_PREVIEWS = YES;
				GENERATE_INFOPLIST_FILE = YES;
				INFOPLIST_KEY_NSHumanReadableCopyright = "";
				LD_RUNPATH_SEARCH_PATHS = (
					"$(inherited)",
					"@executable_path/../Frameworks",
				);
				MARKETING_VERSION = 1.0;
				PRODUCT_BUNDLE_IDENTIFIER = jokerhut.CleanDiff;
				PRODUCT_NAME = "$(TARGET_NAME)";
				REGISTER_APP_GROUPS = YES;
				SWIFT_EMIT_LOC_STRINGS = YES;
				SWIFT_VERSION = 5.0;
			};
			name = Debug;
		};
		FB481BE42E36B95C00BF4B4C /* Release */ = {
			isa = XCBuildConfiguration;
			buildSettings = {
				ASSETCATALOG_COMPILER_APPICON_NAME = AppIcon;
				ASSETCATALOG_COMPILER_GLOBAL_ACCENT_COLOR_NAME = AccentColor;
				CODE_SIGN_ENTITLEMENTS = CleanDiff/CleanDiff.entitlements;
				CODE_SIGN_STYLE = Automatic;
				COMBINE_HIDPI_IMAGES = YES;
				CURRENT_PROJECT_VERSION = 1;
				ENABLE_PREVIEWS = YES;
				GENERATE_INFOPLIST_FILE = YES;
				INFOPLIST_KEY_NSHumanReadableCopyright = "";
				LD_RUNPATH_SEARCH_PATHS = (
					"$(inherited)",
					"@executable_path/../Frameworks",
				);
				MARKETING_VERSION = 1.0;
				PRODUCT_BUNDLE_IDENTIFIER = jokerhut.CleanDiff;
				PRODUCT_NAME = "$(TARGET_NAME)";
				REGISTER_APP_GROUPS = YES;
				SWIFT_EMIT_LOC_STRINGS = YES;
				SWIFT_VERSION = 5.0;
			};
			name = Release;
		};
		FB481BE62E36B95C00BF4B4C /* Debug */ = {
			isa = XCBuildConfiguration;
			buildSettings = {
				BUNDLE_LOADER = "$(TEST_HOST)";
				CODE_SIGN_STYLE = Automatic;
				CURRENT_PROJECT_VERSION = 1;
				GENERATE_INFOPLIST_FILE = YES;
				MACOSX_DEPLOYMENT_TARGET = 15.5;
				MARKETING_VERSION = 1.0;
				PRODUCT_BUNDLE_IDENTIFIER = jokerhut.CleanDiffTests;
				PRODUCT_NAME = "$(TARGET_NAME)";
				SWIFT_EMIT_LOC_STRINGS = NO;
				SWIFT_VERSION = 5.0;
				TEST_HOST = "$(BUILT_PRODUCTS_DIR)/CleanDiff.app/$(BUNDLE_EXECUTABLE_FOLDER_PATH)/CleanDiff";
			};
			name = Debug;
		};
		FB481BE72E36B95C00BF4B4C /* Release */ = {
			isa = XCBuildConfiguration;
			buildSettings = {
				BUNDLE_LOADER = "$(TEST_HOST)";
				CODE_SIGN_STYLE = Automatic;
				CURRENT_PROJECT_VERSION = 1;
				GENERATE_INFOPLIST_FILE = YES;
				MACOSX_DEPLOYMENT_TARGET = 15.5;
				MARKETING_VERSION = 1.0;
				PRODUCT_BUNDLE_IDENTIFIER = jokerhut.CleanDiffTests;
				PRODUCT_NAME = "$(TARGET_NAME)";
				SWIFT_EMIT_LOC_STRINGS = NO;
				SWIFT_VERSION = 5.0;
				TEST_HOST = "$(BUILT_PRODUCTS_DIR)/CleanDiff.app/$(BUNDLE_EXECUTABLE_FOLDER_PATH)/CleanDiff";
			};
			name = Release;
		};
		FB481BE92E36B95C00BF4B4C /* Debug */ = {
			isa = XCBuildConfiguration;
			buildSettings = {
				CODE_SIGN_STYLE = Automatic;
				CURRENT_PROJECT_VERSION = 1;
				GENERATE_INFOPLIST_FILE = YES;
				MARKETING_VERSION = 1.0;
				PRODUCT_BUNDLE_IDENTIFIER = jokerhut.CleanDiffUITests;
				PRODUCT_NAME = "$(TARGET_NAME)";
				SWIFT_EMIT_LOC_STRINGS = NO;
				SWIFT_VERSION = 5.0;
				TEST_TARGET_NAME = CleanDiff;
			};
			name = Debug;
		};
		FB481BEA2E36B95C00BF4B4C /* Release */ = {
			isa = XCBuildConfiguration;
			buildSettings = {
				CODE_SIGN_STYLE = Automatic;
				CURRENT_PROJECT_VERSION = 1;
				GENERATE_INFOPLIST_FILE = YES;
				MARKETING_VERSION = 1.0;
				PRODUCT_BUNDLE_IDENTIFIER = jokerhut.CleanDiffUITests;
				PRODUCT_NAME = "$(TARGET_NAME)";
				SWIFT_EMIT_LOC_STRINGS = NO;
				SWIFT_VERSION = 5.0;
				TEST_TARGET_NAME = CleanDiff;
			};
			name = Release;
		};
/* End XCBuildConfiguration section */

/* Begin XCConfigurationList section */
		FB481BBB2E36B95A00BF4B4C /* Build configuration list for PBXProject "CleanDiff" */ = {
			isa = XCConfigurationList;
			buildConfigurations = (
				FB481BE02E36B95C00BF4B4C /* Debug */,
				FB481BE12E36B95C00BF4B4C /* Release */,
			);
			defaultConfigurationIsVisible = 0;
			defaultConfigurationName = Release;
		};
		FB481BE22E36B95C00BF4B4C /* Build configuration list for PBXNativeTarget "CleanDiff" */ = {
			isa = XCConfigurationList;
			buildConfigurations = (
				FB481BE32E36B95C00BF4B4C /* Debug */,
				FB481BE42E36B95C00BF4B4C /* Release */,
			);
			defaultConfigurationIsVisible = 0;
			defaultConfigurationName = Release;
		};
		FB481BE52E36B95C00BF4B4C /* Build configuration list for PBXNativeTarget "CleanDiffTests" */ = {
			isa = XCConfigurationList;
			buildConfigurations = (
				FB481BE62E36B95C00BF4B4C /* Debug */,
				FB481BE72E36B95C00BF4B4C /* Release */,
			);
			defaultConfigurationIsVisible = 0;
			defaultConfigurationName = Release;
		};
		FB481BE82E36B95C00BF4B4C /* Build configuration list for PBXNativeTarget "CleanDiffUITests" */ = {
			isa = XCConfigurationList;
			buildConfigurations = (
				FB481BE92E36B95C00BF4B4C /* Debug */,
				FB481BEA2E36B95C00BF4B4C /* Release */,
			);
			defaultConfigurationIsVisible = 0;
			defaultConfigurationName = Release;
		};
/* End XCConfigurationList section */

/* Begin XCRemoteSwiftPackageReference section */
		FB481BF12E36BB0600BF4B4C /* XCRemoteSwiftPackageReference "FullDiskAccess" */ = {
			isa = XCRemoteSwiftPackageReference;
			repositoryURL = "https://github.com/inket/FullDiskAccess";
			requirement = {
				kind = upToNextMajorVersion;
				minimumVersion = 1.0.0;
			};
		};
/* End XCRemoteSwiftPackageReference section */

/* Begin XCSwiftPackageProductDependency section */
		FB481BF22E36BB0600BF4B4C /* FullDiskAccess */ = {
			isa = XCSwiftPackageProductDependency;
			package = FB481BF12E36BB0600BF4B4C /* XCRemoteSwiftPackageReference "FullDiskAccess" */;
			productName = FullDiskAccess;
		};
/* End XCSwiftPackageProductDependency section */
	};
	rootObject = FB481BB82E36B95A00BF4B4C /* Project object */;
}
